
Microsoft Visual Studio Solution File, Format Version 12.00
# Visual Studio 2012
Project("{FAE04EC0-301F-11D3-BF4B-00C04F79EFBC}") = "iTrip", "iTrip.csproj", "{444EAF83-AF9D-4FBC-B197-75D3E45E3054}"
EndProject
Project("{FAE04EC0-301F-11D3-BF4B-00C04F79EFBC}") = "iTrip.WinForms", "iTrip.WinForms\iTrip.WinForms.csproj", "{AD56BA0B-7EEC-4596-8FF9-8440AF6B53EE}"
EndProject
Project("{FAE04EC0-301F-11D3-BF4B-00C04F79EFBC}") = "iTrip.Wpf", "iTrip.Wpf\iTrip.Wpf.csproj", "{BF70A6D3-2CAD-46D1-91F0-2AC6982E364F}"
EndProject
Project("{FAE04EC0-301F-11D3-BF4B-00C04F79EFBC}") = "iTrip.Gtk2", "iTrip.Gtk2\iTrip.Gtk2.csproj", "{393EA090-F81F-4A16-944C-C3CA44E9345A}"
EndProject
Project("{FAE04EC0-301F-11D3-BF4B-00C04F79EFBC}") = "iTrip.Gtk3", "iTrip.Gtk3\iTrip.Gtk3.csproj", "{11964EEE-6364-4D33-AB64-870A6E7ECAB8}"
EndProject
Project("{FAE04EC0-301F-11D3-BF4B-00C04F79EFBC}") = "iTrip.Mac", "iTrip.Mac\iTrip.Mac.csproj", "{226D62AD-5738-4846-90C3-0ADC7FFB3215}"
EndProject
Project("{FAE04EC0-301F-11D3-BF4B-00C04F79EFBC}") = "iTrip.XamMac2", "iTrip.XamMac2\iTrip.XamMac2.csproj", "{EB1F09BC-6F44-4DA5-98F1-D101CD45A4DB}"
EndProject
Global
	GlobalSection(SolutionConfigurationPlatforms) = preSolution
		Debug|Any CPU = Debug|Any CPU
		Release|Any CPU = Release|Any CPU
		Debug|x86 = Debug|x86
		Release|x86 = Release|x86
	EndGlobalSection
	GlobalSection(ProjectConfigurationPlatforms) = postSolution
		{444EAF83-AF9D-4FBC-B197-75D3E45E3054}.Debug|Any CPU.ActiveCfg = Debug|Any CPU
		{444EAF83-AF9D-4FBC-B197-75D3E45E3054}.Debug|Any CPU.Build.0 = Debug|Any CPU
		{444EAF83-AF9D-4FBC-B197-75D3E45E3054}.Release|Any CPU.ActiveCfg = Release|Any CPU
		{444EAF83-AF9D-4FBC-B197-75D3E45E3054}.Release|Any CPU.Build.0 = Release|Any CPU
		{444EAF83-AF9D-4FBC-B197-75D3E45E3054}.Debug|x86.ActiveCfg = Debug|Any CPU
		{444EAF83-AF9D-4FBC-B197-75D3E45E3054}.Debug|x86.Build.0 = Debug|Any CPU
		{444EAF83-AF9D-4FBC-B197-75D3E45E3054}.Release|x86.ActiveCfg = Release|Any CPU
		{444EAF83-AF9D-4FBC-B197-75D3E45E3054}.Release|x86.Build.0 = Release|Any CPU
		{AD56BA0B-7EEC-4596-8FF9-8440AF6B53EE}.Debug|Any CPU.ActiveCfg = Debug|x86
		{AD56BA0B-7EEC-4596-8FF9-8440AF6B53EE}.Debug|Any CPU.Build.0 = Debug|x86
		{AD56BA0B-7EEC-4596-8FF9-8440AF6B53EE}.Release|Any CPU.ActiveCfg = Release|x86
		{AD56BA0B-7EEC-4596-8FF9-8440AF6B53EE}.Release|Any CPU.Build.0 = Release|x86
		{AD56BA0B-7EEC-4596-8FF9-8440AF6B53EE}.Debug|x86.ActiveCfg = Debug|x86
		{AD56BA0B-7EEC-4596-8FF9-8440AF6B53EE}.Debug|x86.Build.0 = Debug|x86
		{AD56BA0B-7EEC-4596-8FF9-8440AF6B53EE}.Release|x86.ActiveCfg = Release|x86
		{AD56BA0B-7EEC-4596-8FF9-8440AF6B53EE}.Release|x86.Build.0 = Release|x86
		{BF70A6D3-2CAD-46D1-91F0-2AC6982E364F}.Debug|Any CPU.ActiveCfg = Debug|x86
		{BF70A6D3-2CAD-46D1-91F0-2AC6982E364F}.Debug|Any CPU.Build.0 = Debug|x86
		{BF70A6D3-2CAD-46D1-91F0-2AC6982E364F}.Release|Any CPU.ActiveCfg = Release|x86
		{BF70A6D3-2CAD-46D1-91F0-2AC6982E364F}.Release|Any CPU.Build.0 = Release|x86
		{BF70A6D3-2CAD-46D1-91F0-2AC6982E364F}.Debug|x86.ActiveCfg = Debug|x86
		{BF70A6D3-2CAD-46D1-91F0-2AC6982E364F}.Debug|x86.Build.0 = Debug|x86
		{BF70A6D3-2CAD-46D1-91F0-2AC6982E364F}.Release|x86.ActiveCfg = Release|x86
		{BF70A6D3-2CAD-46D1-91F0-2AC6982E364F}.Release|x86.Build.0 = Release|x86
		{393EA090-F81F-4A16-944C-C3CA44E9345A}.Debug|Any CPU.ActiveCfg = Debug|x86
		{393EA090-F81F-4A16-944C-C3CA44E9345A}.Debug|Any CPU.Build.0 = Debug|x86
		{393EA090-F81F-4A16-944C-C3CA44E9345A}.Release|Any CPU.ActiveCfg = Release|x86
		{393EA090-F81F-4A16-944C-C3CA44E9345A}.Release|Any CPU.Build.0 = Release|x86
		{393EA090-F81F-4A16-944C-C3CA44E9345A}.Debug|x86.ActiveCfg = Debug|x86
		{393EA090-F81F-4A16-944C-C3CA44E9345A}.Debug|x86.Build.0 = Debug|x86
		{393EA090-F81F-4A16-944C-C3CA44E9345A}.Release|x86.ActiveCfg = Release|x86
		{393EA090-F81F-4A16-944C-C3CA44E9345A}.Release|x86.Build.0 = Release|x86
		{11964EEE-6364-4D33-AB64-870A6E7ECAB8}.Debug|Any CPU.ActiveCfg = Debug|x86
		{11964EEE-6364-4D33-AB64-870A6E7ECAB8}.Debug|Any CPU.Build.0 = Debug|x86
		{11964EEE-6364-4D33-AB64-870A6E7ECAB8}.Release|Any CPU.ActiveCfg = Release|x86
		{11964EEE-6364-4D33-AB64-870A6E7ECAB8}.Release|Any CPU.Build.0 = Release|x86
		{11964EEE-6364-4D33-AB64-870A6E7ECAB8}.Debug|x86.ActiveCfg = Debug|x86
		{11964EEE-6364-4D33-AB64-870A6E7ECAB8}.Debug|x86.Build.0 = Debug|x86
		{11964EEE-6364-4D33-AB64-870A6E7ECAB8}.Release|x86.ActiveCfg = Release|x86
		{11964EEE-6364-4D33-AB64-870A6E7ECAB8}.Release|x86.Build.0 = Release|x86
		{226D62AD-5738-4846-90C3-0ADC7FFB3215}.Debug|Any CPU.ActiveCfg = Debug|x86
		{226D62AD-5738-4846-90C3-0ADC7FFB3215}.Debug|Any CPU.Build.0 = Debug|x86
		{226D62AD-5738-4846-90C3-0ADC7FFB3215}.Release|Any CPU.ActiveCfg = Release|x86
		{226D62AD-5738-4846-90C3-0ADC7FFB3215}.Release|Any CPU.Build.0 = Release|x86
		{226D62AD-5738-4846-90C3-0ADC7FFB3215}.Debug|x86.ActiveCfg = Debug|x86
		{226D62AD-5738-4846-90C3-0ADC7FFB3215}.Debug|x86.Build.0 = Debug|x86
		{226D62AD-5738-4846-90C3-0ADC7FFB3215}.Release|x86.ActiveCfg = Release|x86
		{226D62AD-5738-4846-90C3-0ADC7FFB3215}.Release|x86.Build.0 = Release|x86
		{EB1F09BC-6F44-4DA5-98F1-D101CD45A4DB}.Debug|Any CPU.ActiveCfg = Debug|x86
		{EB1F09BC-6F44-4DA5-98F1-D101CD45A4DB}.Debug|Any CPU.Build.0 = Debug|x86
		{EB1F09BC-6F44-4DA5-98F1-D101CD45A4DB}.Release|Any CPU.ActiveCfg = Release|x86
		{EB1F09BC-6F44-4DA5-98F1-D101CD45A4DB}.Release|Any CPU.Build.0 = Release|x86
		{EB1F09BC-6F44-4DA5-98F1-D101CD45A4DB}.Debug|x86.ActiveCfg = Debug|x86
		{EB1F09BC-6F44-4DA5-98F1-D101CD45A4DB}.Debug|x86.Build.0 = Debug|x86
		{EB1F09BC-6F44-4DA5-98F1-D101CD45A4DB}.Release|x86.ActiveCfg = Release|x86
		{EB1F09BC-6F44-4DA5-98F1-D101CD45A4DB}.Release|x86.Build.0 = Release|x86
	EndGlobalSection
EndGlobal
