Microsoft Visual Studio Solution File, Format Version 12.00
# Visual Studio 15
VisualStudioVersion = 15.0.25928.0
MinimumVisualStudioVersion = 10.0.40219.1
Project("{FAE04EC0-301F-11D3-BF4B-00C04F79EFBC}") = "iTrip.Wpf", "iTrip.Wpf\iTrip.Wpf.csproj", "{BF70A6D3-2CAD-46D1-91F0-2AC6982E364F}"
EndProject
Project("{FAE04EC0-301F-11D3-BF4B-00C04F79EFBC}") = "iTrip.Mac", "iTrip.Mac\iTrip.Mac.csproj", "{226D62AD-5738-4846-90C3-0ADC7FFB3215}"
EndProject
Project("{FAE04EC0-301F-11D3-BF4B-00C04F79EFBC}") = "iTrip.Core", "iTrip.Core\iTrip.Core.csproj", "{17CE0A89-A8A6-4ACF-A89A-42B09C97A779}"
EndProject
Global
	GlobalSection(SolutionConfigurationPlatforms) = preSolution
		Debug|Any CPU = Debug|Any CPU
		Debug|x86 = Debug|x86
		Release|Any CPU = Release|Any CPU
		Release|x86 = Release|x86
	EndGlobalSection
	GlobalSection(ProjectConfigurationPlatforms) = postSolution
		{BF70A6D3-2CAD-46D1-91F0-2AC6982E364F}.Debug|Any CPU.ActiveCfg = Debug|x86
		{BF70A6D3-2CAD-46D1-91F0-2AC6982E364F}.Debug|Any CPU.Build.0 = Debug|x86
		{BF70A6D3-2CAD-46D1-91F0-2AC6982E364F}.Debug|x86.ActiveCfg = Debug|x86
		{BF70A6D3-2CAD-46D1-91F0-2AC6982E364F}.Debug|x86.Build.0 = Debug|x86
		{BF70A6D3-2CAD-46D1-91F0-2AC6982E364F}.Release|Any CPU.ActiveCfg = Release|x86
		{BF70A6D3-2CAD-46D1-91F0-2AC6982E364F}.Release|Any CPU.Build.0 = Release|x86
		{BF70A6D3-2CAD-46D1-91F0-2AC6982E364F}.Release|x86.ActiveCfg = Release|x86
		{BF70A6D3-2CAD-46D1-91F0-2AC6982E364F}.Release|x86.Build.0 = Release|x86
		{226D62AD-5738-4846-90C3-0ADC7FFB3215}.Debug|Any CPU.ActiveCfg = Debug|x86
		{226D62AD-5738-4846-90C3-0ADC7FFB3215}.Debug|Any CPU.Build.0 = Debug|x86
		{226D62AD-5738-4846-90C3-0ADC7FFB3215}.Debug|x86.ActiveCfg = Debug|x86
		{226D62AD-5738-4846-90C3-0ADC7FFB3215}.Debug|x86.Build.0 = Debug|x86
		{226D62AD-5738-4846-90C3-0ADC7FFB3215}.Release|Any CPU.ActiveCfg = Release|x86
		{226D62AD-5738-4846-90C3-0ADC7FFB3215}.Release|Any CPU.Build.0 = Release|x86
		{226D62AD-5738-4846-90C3-0ADC7FFB3215}.Release|x86.ActiveCfg = Release|x86
		{226D62AD-5738-4846-90C3-0ADC7FFB3215}.Release|x86.Build.0 = Release|x86
		{17CE0A89-A8A6-4ACF-A89A-42B09C97A779}.Debug|Any CPU.ActiveCfg = Debug|Any CPU
		{17CE0A89-A8A6-4ACF-A89A-42B09C97A779}.Debug|Any CPU.Build.0 = Debug|Any CPU
		{17CE0A89-A8A6-4ACF-A89A-42B09C97A779}.Debug|x86.ActiveCfg = Debug|Any CPU
		{17CE0A89-A8A6-4ACF-A89A-42B09C97A779}.Debug|x86.Build.0 = Debug|Any CPU
		{17CE0A89-A8A6-4ACF-A89A-42B09C97A779}.Release|Any CPU.ActiveCfg = Release|Any CPU
		{17CE0A89-A8A6-4ACF-A89A-42B09C97A779}.Release|Any CPU.Build.0 = Release|Any CPU
		{17CE0A89-A8A6-4ACF-A89A-42B09C97A779}.Release|x86.ActiveCfg = Release|Any CPU
		{17CE0A89-A8A6-4ACF-A89A-42B09C97A779}.Release|x86.Build.0 = Release|Any CPU
	EndGlobalSection
	GlobalSection(SolutionProperties) = preSolution
		HideSolutionNode = FALSE
	EndGlobalSection
EndGlobal
